// !$*UTF8*$!
{
	archiveVersion = 1;
	classes = {
	};
	objectVersion = 55;
	objects = {

/* Begin PBXBuildFile section */
		1150039727DBBFAE001BD267 /* Reusable in Frameworks */ = {isa = PBXBuildFile; productRef = 1150039627DBBFAE001BD267 /* Reusable */; };
		1150039927DBBFE5001BD267 /* PlayerViewController.storyboard in Resources */ = {isa = PBXBuildFile; fileRef = 1150039827DBBFE5001BD267 /* PlayerViewController.storyboard */; };
		1150039B27DBD6B5001BD267 /* Secure.swift in Sources */ = {isa = PBXBuildFile; fileRef = 1150039A27DBD6B5001BD267 /* Secure.swift */; };
		11E28C9227DA7AE7008CF3BA /* AppDelegate.swift in Sources */ = {isa = PBXBuildFile; fileRef = 11E28C9127DA7AE7008CF3BA /* AppDelegate.swift */; };
		11E28C9427DA7AE7008CF3BA /* SceneDelegate.swift in Sources */ = {isa = PBXBuildFile; fileRef = 11E28C9327DA7AE7008CF3BA /* SceneDelegate.swift */; };
		11E28C9627DA7AE7008CF3BA /* HomeViewController.swift in Sources */ = {isa = PBXBuildFile; fileRef = 11E28C9527DA7AE7008CF3BA /* HomeViewController.swift */; };
		11E28C9927DA7AE7008CF3BA /* Main.storyboard in Resources */ = {isa = PBXBuildFile; fileRef = 11E28C9727DA7AE7008CF3BA /* Main.storyboard */; };
		11E28C9B27DA7AE9008CF3BA /* Assets.xcassets in Resources */ = {isa = PBXBuildFile; fileRef = 11E28C9A27DA7AE9008CF3BA /* Assets.xcassets */; };
		11E28C9E27DA7AE9008CF3BA /* LaunchScreen.storyboard in Resources */ = {isa = PBXBuildFile; fileRef = 11E28C9C27DA7AE9008CF3BA /* LaunchScreen.storyboard */; };
		11E28CB027DA7D04008CF3BA /* JWPlayerKit in Frameworks */ = {isa = PBXBuildFile; productRef = 11E28CAF27DA7D04008CF3BA /* JWPlayerKit */; };
		11E28CB227DA7F03008CF3BA /* PageViewController.swift in Sources */ = {isa = PBXBuildFile; fileRef = 11E28CB127DA7F03008CF3BA /* PageViewController.swift */; };
		11E28CB427DA7F2B008CF3BA /* PlayerViewController.swift in Sources */ = {isa = PBXBuildFile; fileRef = 11E28CB327DA7F2B008CF3BA /* PlayerViewController.swift */; };
		11EA723627DA86E1002701F7 /* Playlist.swift in Sources */ = {isa = PBXBuildFile; fileRef = 11EA723527DA86E1002701F7 /* Playlist.swift */; };
/* End PBXBuildFile section */

/* Begin PBXFileReference section */
		1150039827DBBFE5001BD267 /* PlayerViewController.storyboard */ = {isa = PBXFileReference; lastKnownFileType = file.storyboard; path = PlayerViewController.storyboard; sourceTree = "<group>"; };
		1150039A27DBD6B5001BD267 /* Secure.swift */ = {isa = PBXFileReference; lastKnownFileType = sourcecode.swift; path = Secure.swift; sourceTree = "<group>"; };
		11E28C8E27DA7AE7008CF3BA /* JWPageControllerDemo.app */ = {isa = PBXFileReference; explicitFileType = wrapper.application; includeInIndex = 0; path = JWPageControllerDemo.app; sourceTree = BUILT_PRODUCTS_DIR; };
		11E28C9127DA7AE7008CF3BA /* AppDelegate.swift */ = {isa = PBXFileReference; lastKnownFileType = sourcecode.swift; path = AppDelegate.swift; sourceTree = "<group>"; };
		11E28C9327DA7AE7008CF3BA /* SceneDelegate.swift */ = {isa = PBXFileReference; lastKnownFileType = sourcecode.swift; path = SceneDelegate.swift; sourceTree = "<group>"; };
		11E28C9527DA7AE7008CF3BA /* HomeViewController.swift */ = {isa = PBXFileReference; lastKnownFileType = sourcecode.swift; path = HomeViewController.swift; sourceTree = "<group>"; };
		11E28C9827DA7AE7008CF3BA /* Base */ = {isa = PBXFileReference; lastKnownFileType = file.storyboard; name = Base; path = Base.lproj/Main.storyboard; sourceTree = "<group>"; };
		11E28C9A27DA7AE9008CF3BA /* Assets.xcassets */ = {isa = PBXFileReference; lastKnownFileType = folder.assetcatalog; path = Assets.xcassets; sourceTree = "<group>"; };
		11E28C9D27DA7AE9008CF3BA /* Base */ = {isa = PBXFileReference; lastKnownFileType = file.storyboard; name = Base; path = Base.lproj/LaunchScreen.storyboard; sourceTree = "<group>"; };
		11E28C9F27DA7AE9008CF3BA /* Info.plist */ = {isa = PBXFileReference; lastKnownFileType = text.plist.xml; path = Info.plist; sourceTree = "<group>"; };
		11E28CA527DA7B12008CF3BA /* JWPageControllerDemo.entitlements */ = {isa = PBXFileReference; lastKnownFileType = text.plist.entitlements; path = JWPageControllerDemo.entitlements; sourceTree = "<group>"; };
		11E28CAD27DA7C21008CF3BA /* JWPlayer */ = {isa = PBXFileReference; lastKnownFileType = wrapper; path = JWPlayer; sourceTree = "<group>"; };
		11E28CB127DA7F03008CF3BA /* PageViewController.swift */ = {isa = PBXFileReference; lastKnownFileType = sourcecode.swift; path = PageViewController.swift; sourceTree = "<group>"; };
		11E28CB327DA7F2B008CF3BA /* PlayerViewController.swift */ = {isa = PBXFileReference; lastKnownFileType = sourcecode.swift; path = PlayerViewController.swift; sourceTree = "<group>"; };
		11EA723527DA86E1002701F7 /* Playlist.swift */ = {isa = PBXFileReference; lastKnownFileType = sourcecode.swift; path = Playlist.swift; sourceTree = "<group>"; };
/* End PBXFileReference section */

/* Begin PBXFrameworksBuildPhase section */
		11E28C8B27DA7AE7008CF3BA /* Frameworks */ = {
			isa = PBXFrameworksBuildPhase;
			buildActionMask = 2147483647;
			files = (
				11E28CB027DA7D04008CF3BA /* JWPlayerKit in Frameworks */,
				1150039727DBBFAE001BD267 /* Reusable in Frameworks */,
			);
			runOnlyForDeploymentPostprocessing = 0;
		};
/* End PBXFrameworksBuildPhase section */

/* Begin PBXGroup section */
		1150039C27DBD6EA001BD267 /* ViewControllers */ = {
			isa = PBXGroup;
			children = (
				11E28C9727DA7AE7008CF3BA /* Main.storyboard */,
				11E28C9527DA7AE7008CF3BA /* HomeViewController.swift */,
				11E28CB127DA7F03008CF3BA /* PageViewController.swift */,
				11E28CB327DA7F2B008CF3BA /* PlayerViewController.swift */,
				1150039827DBBFE5001BD267 /* PlayerViewController.storyboard */,
			);
			path = ViewControllers;
			sourceTree = "<group>";
		};
		1150039D27DBD72F001BD267 /* Strings */ = {
			isa = PBXGroup;
			children = (
				11EA723527DA86E1002701F7 /* Playlist.swift */,
				1150039A27DBD6B5001BD267 /* Secure.swift */,
			);
			path = Strings;
			sourceTree = "<group>";
		};
		11E28C8527DA7AE6008CF3BA = {
			isa = PBXGroup;
			children = (
				11E28CAC27DA7C21008CF3BA /* Packages */,
				11E28C9027DA7AE7008CF3BA /* JWPageControllerDemo */,
				11E28C8F27DA7AE7008CF3BA /* Products */,
				11E28CA627DA7B12008CF3BA /* Frameworks */,
			);
			sourceTree = "<group>";
		};
		11E28C8F27DA7AE7008CF3BA /* Products */ = {
			isa = PBXGroup;
			children = (
				11E28C8E27DA7AE7008CF3BA /* JWPageControllerDemo.app */,
			);
			name = Products;
			sourceTree = "<group>";
		};
		11E28C9027DA7AE7008CF3BA /* JWPageControllerDemo */ = {
			isa = PBXGroup;
			children = (
				11E28CA527DA7B12008CF3BA /* JWPageControllerDemo.entitlements */,
				11E28C9127DA7AE7008CF3BA /* AppDelegate.swift */,
				11E28C9327DA7AE7008CF3BA /* SceneDelegate.swift */,
				1150039C27DBD6EA001BD267 /* ViewControllers */,
				1150039D27DBD72F001BD267 /* Strings */,
				11E28C9A27DA7AE9008CF3BA /* Assets.xcassets */,
				11E28C9C27DA7AE9008CF3BA /* LaunchScreen.storyboard */,
				11E28C9F27DA7AE9008CF3BA /* Info.plist */,
			);
			path = JWPageControllerDemo;
			sourceTree = "<group>";
		};
		11E28CA627DA7B12008CF3BA /* Frameworks */ = {
			isa = PBXGroup;
			children = (
			);
			name = Frameworks;
			sourceTree = "<group>";
		};
		11E28CAC27DA7C21008CF3BA /* Packages */ = {
			isa = PBXGroup;
			children = (
				11E28CAD27DA7C21008CF3BA /* JWPlayer */,
			);
			name = Packages;
			sourceTree = "<group>";
		};
/* End PBXGroup section */

/* Begin PBXNativeTarget section */
		11E28C8D27DA7AE7008CF3BA /* JWPageControllerDemo */ = {
			isa = PBXNativeTarget;
			buildConfigurationList = 11E28CA227DA7AE9008CF3BA /* Build configuration list for PBXNativeTarget "JWPageControllerDemo" */;
			buildPhases = (
				11E28C8A27DA7AE7008CF3BA /* Sources */,
				11E28C8B27DA7AE7008CF3BA /* Frameworks */,
				11E28C8C27DA7AE7008CF3BA /* Resources */,
			);
			buildRules = (
			);
			dependencies = (
			);
			name = JWPageControllerDemo;
			packageProductDependencies = (
				11E28CAF27DA7D04008CF3BA /* JWPlayerKit */,
				1150039627DBBFAE001BD267 /* Reusable */,
			);
			productName = JWPageControllerDemo;
			productReference = 11E28C8E27DA7AE7008CF3BA /* JWPageControllerDemo.app */;
			productType = "com.apple.product-type.application";
		};
/* End PBXNativeTarget section */

/* Begin PBXProject section */
		11E28C8627DA7AE7008CF3BA /* Project object */ = {
			isa = PBXProject;
			attributes = {
				BuildIndependentTargetsInParallel = 1;
				LastSwiftUpdateCheck = 1320;
				LastUpgradeCheck = 1320;
				TargetAttributes = {
					11E28C8D27DA7AE7008CF3BA = {
						CreatedOnToolsVersion = 13.2.1;
					};
				};
			};
			buildConfigurationList = 11E28C8927DA7AE7008CF3BA /* Build configuration list for PBXProject "JWPageControllerDemo" */;
			compatibilityVersion = "Xcode 13.0";
			developmentRegion = en;
			hasScannedForEncodings = 0;
			knownRegions = (
				en,
				Base,
			);
			mainGroup = 11E28C8527DA7AE6008CF3BA;
			packageReferences = (
				1150039527DBBFAE001BD267 /* XCRemoteSwiftPackageReference "Reusable" */,
			);
			productRefGroup = 11E28C8F27DA7AE7008CF3BA /* Products */;
			projectDirPath = "";
			projectRoot = "";
			targets = (
				11E28C8D27DA7AE7008CF3BA /* JWPageControllerDemo */,
			);
		};
/* End PBXProject section */

/* Begin PBXResourcesBuildPhase section */
		11E28C8C27DA7AE7008CF3BA /* Resources */ = {
			isa = PBXResourcesBuildPhase;
			buildActionMask = 2147483647;
			files = (
				11E28C9E27DA7AE9008CF3BA /* LaunchScreen.storyboard in Resources */,
				11E28C9B27DA7AE9008CF3BA /* Assets.xcassets in Resources */,
				1150039927DBBFE5001BD267 /* PlayerViewController.storyboard in Resources */,
				11E28C9927DA7AE7008CF3BA /* Main.storyboard in Resources */,
			);
			runOnlyForDeploymentPostprocessing = 0;
		};
/* End PBXResourcesBuildPhase section */

/* Begin PBXSourcesBuildPhase section */
		11E28C8A27DA7AE7008CF3BA /* Sources */ = {
			isa = PBXSourcesBuildPhase;
			buildActionMask = 2147483647;
			files = (
				11E28C9627DA7AE7008CF3BA /* HomeViewController.swift in Sources */,
				11E28C9227DA7AE7008CF3BA /* AppDelegate.swift in Sources */,
				11E28C9427DA7AE7008CF3BA /* SceneDelegate.swift in Sources */,
				11E28CB227DA7F03008CF3BA /* PageViewController.swift in Sources */,
				11E28CB427DA7F2B008CF3BA /* PlayerViewController.swift in Sources */,
				1150039B27DBD6B5001BD267 /* Secure.swift in Sources */,
				11EA723627DA86E1002701F7 /* Playlist.swift in Sources */,
			);
			runOnlyForDeploymentPostprocessing = 0;
		};
/* End PBXSourcesBuildPhase section */

/* Begin PBXVariantGroup section */
		11E28C9727DA7AE7008CF3BA /* Main.storyboard */ = {
			isa = PBXVariantGroup;
			children = (
				11E28C9827DA7AE7008CF3BA /* Base */,
			);
			name = Main.storyboard;
			sourceTree = "<group>";
		};
		11E28C9C27DA7AE9008CF3BA /* LaunchScreen.storyboard */ = {
			isa = PBXVariantGroup;
			children = (
				11E28C9D27DA7AE9008CF3BA /* Base */,
			);
			name = LaunchScreen.storyboard;
			sourceTree = "<group>";
		};
/* End PBXVariantGroup section */

/* Begin XCBuildConfiguration section */
		11E28CA027DA7AE9008CF3BA /* Debug */ = {
			isa = XCBuildConfiguration;
			buildSettings = {
				ALWAYS_SEARCH_USER_PATHS = NO;
				CLANG_ANALYZER_NONNULL = YES;
				CLANG_ANALYZER_NUMBER_OBJECT_CONVERSION = YES_AGGRESSIVE;
				CLANG_CXX_LANGUAGE_STANDARD = "gnu++17";
				CLANG_CXX_LIBRARY = "libc++";
				CLANG_ENABLE_MODULES = YES;
				CLANG_ENABLE_OBJC_ARC = YES;
				CLANG_ENABLE_OBJC_WEAK = YES;
				CLANG_WARN_BLOCK_CAPTURE_AUTORELEASING = YES;
				CLANG_WARN_BOOL_CONVERSION = YES;
				CLANG_WARN_COMMA = YES;
				CLANG_WARN_CONSTANT_CONVERSION = YES;
				CLANG_WARN_DEPRECATED_OBJC_IMPLEMENTATIONS = YES;
				CLANG_WARN_DIRECT_OBJC_ISA_USAGE = YES_ERROR;
				CLANG_WARN_DOCUMENTATION_COMMENTS = YES;
				CLANG_WARN_EMPTY_BODY = YES;
				CLANG_WARN_ENUM_CONVERSION = YES;
				CLANG_WARN_INFINITE_RECURSION = YES;
				CLANG_WARN_INT_CONVERSION = YES;
				CLANG_WARN_NON_LITERAL_NULL_CONVERSION = YES;
				CLANG_WARN_OBJC_IMPLICIT_RETAIN_SELF = YES;
				CLANG_WARN_OBJC_LITERAL_CONVERSION = YES;
				CLANG_WARN_OBJC_ROOT_CLASS = YES_ERROR;
				CLANG_WARN_QUOTED_INCLUDE_IN_FRAMEWORK_HEADER = YES;
				CLANG_WARN_RANGE_LOOP_ANALYSIS = YES;
				CLANG_WARN_STRICT_PROTOTYPES = YES;
				CLANG_WARN_SUSPICIOUS_MOVE = YES;
				CLANG_WARN_UNGUARDED_AVAILABILITY = YES_AGGRESSIVE;
				CLANG_WARN_UNREACHABLE_CODE = YES;
				CLANG_WARN__DUPLICATE_METHOD_MATCH = YES;
				COPY_PHASE_STRIP = NO;
				DEBUG_INFORMATION_FORMAT = dwarf;
				ENABLE_STRICT_OBJC_MSGSEND = YES;
				ENABLE_TESTABILITY = YES;
				GCC_C_LANGUAGE_STANDARD = gnu11;
				GCC_DYNAMIC_NO_PIC = NO;
				GCC_NO_COMMON_BLOCKS = YES;
				GCC_OPTIMIZATION_LEVEL = 0;
				GCC_PREPROCESSOR_DEFINITIONS = (
					"DEBUG=1",
					"$(inherited)",
				);
				GCC_WARN_64_TO_32_BIT_CONVERSION = YES;
				GCC_WARN_ABOUT_RETURN_TYPE = YES_ERROR;
				GCC_WARN_UNDECLARED_SELECTOR = YES;
				GCC_WARN_UNINITIALIZED_AUTOS = YES_AGGRESSIVE;
				GCC_WARN_UNUSED_FUNCTION = YES;
				GCC_WARN_UNUSED_VARIABLE = YES;
				IPHONEOS_DEPLOYMENT_TARGET = 15.2;
				MTL_ENABLE_DEBUG_INFO = INCLUDE_SOURCE;
				MTL_FAST_MATH = YES;
				ONLY_ACTIVE_ARCH = YES;
				SDKROOT = iphoneos;
				SWIFT_ACTIVE_COMPILATION_CONDITIONS = DEBUG;
				SWIFT_OPTIMIZATION_LEVEL = "-Onone";
			};
			name = Debug;
		};
		11E28CA127DA7AE9008CF3BA /* Release */ = {
			isa = XCBuildConfiguration;
			buildSettings = {
				ALWAYS_SEARCH_USER_PATHS = NO;
				CLANG_ANALYZER_NONNULL = YES;
				CLANG_ANALYZER_NUMBER_OBJECT_CONVERSION = YES_AGGRESSIVE;
				CLANG_CXX_LANGUAGE_STANDARD = "gnu++17";
				CLANG_CXX_LIBRARY = "libc++";
				CLANG_ENABLE_MODULES = YES;
				CLANG_ENABLE_OBJC_ARC = YES;
				CLANG_ENABLE_OBJC_WEAK = YES;
				CLANG_WARN_BLOCK_CAPTURE_AUTORELEASING = YES;
				CLANG_WARN_BOOL_CONVERSION = YES;
				CLANG_WARN_COMMA = YES;
				CLANG_WARN_CONSTANT_CONVERSION = YES;
				CLANG_WARN_DEPRECATED_OBJC_IMPLEMENTATIONS = YES;
				CLANG_WARN_DIRECT_OBJC_ISA_USAGE = YES_ERROR;
				CLANG_WARN_DOCUMENTATION_COMMENTS = YES;
				CLANG_WARN_EMPTY_BODY = YES;
				CLANG_WARN_ENUM_CONVERSION = YES;
				CLANG_WARN_INFINITE_RECURSION = YES;
				CLANG_WARN_INT_CONVERSION = YES;
				CLANG_WARN_NON_LITERAL_NULL_CONVERSION = YES;
				CLANG_WARN_OBJC_IMPLICIT_RETAIN_SELF = YES;
				CLANG_WARN_OBJC_LITERAL_CONVERSION = YES;
				CLANG_WARN_OBJC_ROOT_CLASS = YES_ERROR;
				CLANG_WARN_QUOTED_INCLUDE_IN_FRAMEWORK_HEADER = YES;
				CLANG_WARN_RANGE_LOOP_ANALYSIS = YES;
				CLANG_WARN_STRICT_PROTOTYPES = YES;
				CLANG_WARN_SUSPICIOUS_MOVE = YES;
				CLANG_WARN_UNGUARDED_AVAILABILITY = YES_AGGRESSIVE;
				CLANG_WARN_UNREACHABLE_CODE = YES;
				CLANG_WARN__DUPLICATE_METHOD_MATCH = YES;
				COPY_PHASE_STRIP = NO;
				DEBUG_INFORMATION_FORMAT = "dwarf-with-dsym";
				ENABLE_NS_ASSERTIONS = NO;
				ENABLE_STRICT_OBJC_MSGSEND = YES;
				GCC_C_LANGUAGE_STANDARD = gnu11;
				GCC_NO_COMMON_BLOCKS = YES;
				GCC_WARN_64_TO_32_BIT_CONVERSION = YES;
				GCC_WARN_ABOUT_RETURN_TYPE = YES_ERROR;
				GCC_WARN_UNDECLARED_SELECTOR = YES;
				GCC_WARN_UNINITIALIZED_AUTOS = YES_AGGRESSIVE;
				GCC_WARN_UNUSED_FUNCTION = YES;
				GCC_WARN_UNUSED_VARIABLE = YES;
				IPHONEOS_DEPLOYMENT_TARGET = 15.2;
				MTL_ENABLE_DEBUG_INFO = NO;
				MTL_FAST_MATH = YES;
				SDKROOT = iphoneos;
				SWIFT_COMPILATION_MODE = wholemodule;
				SWIFT_OPTIMIZATION_LEVEL = "-O";
				VALIDATE_PRODUCT = YES;
			};
			name = Release;
		};
		11E28CA327DA7AE9008CF3BA /* Debug */ = {
			isa = XCBuildConfiguration;
			buildSettings = {
				ASSETCATALOG_COMPILER_APPICON_NAME = AppIcon;
				ASSETCATALOG_COMPILER_GLOBAL_ACCENT_COLOR_NAME = AccentColor;
				CODE_SIGN_ENTITLEMENTS = JWPageControllerDemo/JWPageControllerDemo.entitlements;
				CODE_SIGN_STYLE = Automatic;
				CURRENT_PROJECT_VERSION = 1;
				DEVELOPMENT_TEAM = 8VC65F749H;
				GENERATE_INFOPLIST_FILE = YES;
				INFOPLIST_FILE = JWPageControllerDemo/Info.plist;
				INFOPLIST_KEY_UIApplicationSupportsIndirectInputEvents = YES;
				INFOPLIST_KEY_UILaunchStoryboardName = LaunchScreen;
				INFOPLIST_KEY_UIMainStoryboardFile = Main;
				INFOPLIST_KEY_UISupportedInterfaceOrientations_iPad = "UIInterfaceOrientationPortrait UIInterfaceOrientationPortraitUpsideDown UIInterfaceOrientationLandscapeLeft UIInterfaceOrientationLandscapeRight";
				INFOPLIST_KEY_UISupportedInterfaceOrientations_iPhone = "UIInterfaceOrientationPortrait UIInterfaceOrientationLandscapeLeft UIInterfaceOrientationLandscapeRight";
				LD_RUNPATH_SEARCH_PATHS = (
					"$(inherited)",
					"@executable_path/Frameworks",
				);
				MARKETING_VERSION = 1.0;
				PRODUCT_BUNDLE_IDENTIFIER = com.blickstein.JWPageControllerDemo;
				PRODUCT_NAME = "$(TARGET_NAME)";
				SWIFT_EMIT_LOC_STRINGS = YES;
				SWIFT_VERSION = 5.0;
				TARGETED_DEVICE_FAMILY = "1,2";
			};
			name = Debug;
		};
		11E28CA427DA7AE9008CF3BA /* Release */ = {
			isa = XCBuildConfiguration;
			buildSettings = {
				ASSETCATALOG_COMPILER_APPICON_NAME = AppIcon;
				ASSETCATALOG_COMPILER_GLOBAL_ACCENT_COLOR_NAME = AccentColor;
				CODE_SIGN_ENTITLEMENTS = JWPageControllerDemo/JWPageControllerDemo.entitlements;
				CODE_SIGN_STYLE = Automatic;
				CURRENT_PROJECT_VERSION = 1;
				DEVELOPMENT_TEAM = 8VC65F749H;
				GENERATE_INFOPLIST_FILE = YES;
				INFOPLIST_FILE = JWPageControllerDemo/Info.plist;
				INFOPLIST_KEY_UIApplicationSupportsIndirectInputEvents = YES;
				INFOPLIST_KEY_UILaunchStoryboardName = LaunchScreen;
				INFOPLIST_KEY_UIMainStoryboardFile = Main;
				INFOPLIST_KEY_UISupportedInterfaceOrientations_iPad = "UIInterfaceOrientationPortrait UIInterfaceOrientationPortraitUpsideDown UIInterfaceOrientationLandscapeLeft UIInterfaceOrientationLandscapeRight";
				INFOPLIST_KEY_UISupportedInterfaceOrientations_iPhone = "UIInterfaceOrientationPortrait UIInterfaceOrientationLandscapeLeft UIInterfaceOrientationLandscapeRight";
				LD_RUNPATH_SEARCH_PATHS = (
					"$(inherited)",
					"@executable_path/Frameworks",
				);
				MARKETING_VERSION = 1.0;
				PRODUCT_BUNDLE_IDENTIFIER = com.blickstein.JWPageControllerDemo;
				PRODUCT_NAME = "$(TARGET_NAME)";
				SWIFT_EMIT_LOC_STRINGS = YES;
				SWIFT_VERSION = 5.0;
				TARGETED_DEVICE_FAMILY = "1,2";
			};
			name = Release;
		};
/* End XCBuildConfiguration section */

/* Begin XCConfigurationList section */
		11E28C8927DA7AE7008CF3BA /* Build configuration list for PBXProject "JWPageControllerDemo" */ = {
			isa = XCConfigurationList;
			buildConfigurations = (
				11E28CA027DA7AE9008CF3BA /* Debug */,
				11E28CA127DA7AE9008CF3BA /* Release */,
			);
			defaultConfigurationIsVisible = 0;
			defaultConfigurationName = Release;
		};
		11E28CA227DA7AE9008CF3BA /* Build configuration list for PBXNativeTarget "JWPageControllerDemo" */ = {
			isa = XCConfigurationList;
			buildConfigurations = (
				11E28CA327DA7AE9008CF3BA /* Debug */,
				11E28CA427DA7AE9008CF3BA /* Release */,
			);
			defaultConfigurationIsVisible = 0;
			defaultConfigurationName = Release;
		};
/* End XCConfigurationList section */

/* Begin XCRemoteSwiftPackageReference section */
		1150039527DBBFAE001BD267 /* XCRemoteSwiftPackageReference "Reusable" */ = {
			isa = XCRemoteSwiftPackageReference;
			repositoryURL = "https://github.com/AliSoftware/Reusable";
			requirement = {
				branch = main;
				kind = branch;
			};
		};
/* End XCRemoteSwiftPackageReference section */

/* Begin XCSwiftPackageProductDependency section */
		1150039627DBBFAE001BD267 /* Reusable */ = {
			isa = XCSwiftPackageProductDependency;
			package = 1150039527DBBFAE001BD267 /* XCRemoteSwiftPackageReference "Reusable" */;
			productName = Reusable;
		};
		11E28CAF27DA7D04008CF3BA /* JWPlayerKit */ = {
			isa = XCSwiftPackageProductDependency;
			productName = JWPlayerKit;
		};
/* End XCSwiftPackageProductDependency section */
	};
	rootObject = 11E28C8627DA7AE7008CF3BA /* Project object */;
}
